<?xml version="1.0" encoding="utf-8"?>
<Project ToolsVersion="4.0" xmlns="http://schemas.microsoft.com/developer/msbuild/2003">
  <ItemGroup>
    <Filter Include="Source Files">
      <UniqueIdentifier>{4FC737F1-C7A5-4376-A066-2A32D752A2FF}</UniqueIdentifier>
      <Extensions>cpp;c;cc;cxx;c++;cppm;ixx;def;odl;idl;hpj;bat;asm;asmx</Extensions>
    </Filter>
    <Filter Include="Header Files">
      <UniqueIdentifier>{93995380-89BD-4b04-88EB-625FBE52EBFB}</UniqueIdentifier>
      <Extensions>h;hh;hpp;hxx;h++;hm;inl;inc;ipp;xsd</Extensions>
    </Filter>
    <Filter Include="Resource Files">
      <UniqueIdentifier>{67DA6AB6-F800-4c08-8B7A-83BB121AAD01}</UniqueIdentifier>
      <Extensions>rc;ico;cur;bmp;dlg;rc2;rct;bin;rgs;gif;jpg;jpeg;jpe;resx;tiff;tif;png;wav;mfcribbon-ms</Extensions>
    </Filter>
    <Filter Include="Source Files\Neural Network">
      <UniqueIdentifier>{c2dcc6ce-021d-49d2-8b21-aabd27c082f9}</UniqueIdentifier>
    </Filter>
    <Filter Include="Header Files\Neural Network">
      <UniqueIdentifier>{92190b4f-0d2d-4edd-971b-8a1f40a7b42a}</UniqueIdentifier>
    </Filter>
    <Filter Include="Source Files\Examples">
      <UniqueIdentifier>{01d26a8f-d806-4089-b071-a326ebde7e81}</UniqueIdentifier>
    </Filter>
    <Filter Include="Header Files\Examples">
      <UniqueIdentifier>{4de1ad95-64a0-4ff9-9975-34f2c38285b5}</UniqueIdentifier>
    </Filter>
    <Filter Include="Header Files\Neural Network\Maths">
      <UniqueIdentifier>{6a647738-0fb4-4ebb-98a7-e6759a539f57}</UniqueIdentifier>
    </Filter>
    <Filter Include="Source Files\Neural Network\Maths">
      <UniqueIdentifier>{4940dd22-428d-4d98-88b3-62f6660fee59}</UniqueIdentifier>
    </Filter>
  </ItemGroup>
  <ItemGroup>
    <ClCompile Include="src\main.cpp">
      <Filter>Source Files</Filter>
    </ClCompile>
    <ClCompile Include="src\NeuralNetwork\Layer.cpp">
      <Filter>Source Files\Neural Network</Filter>
    </ClCompile>
    <ClCompile Include="src\NeuralNetwork\ActivationFunction.cpp">
      <Filter>Source Files\Neural Network</Filter>
    </ClCompile>
    <ClCompile Include="src\NeuralNetwork\ModelExporter.cpp">
      <Filter>Source Files\Neural Network</Filter>
    </ClCompile>
    <ClCompile Include="src\NeuralNetwork\NeuralNetwork.cpp">
      <Filter>Source Files\Neural Network</Filter>
    </ClCompile>
    <ClCompile Include="src\Examples\XOR_Problem.cpp">
      <Filter>Source Files\Examples</Filter>
    </ClCompile>
    <ClCompile Include="src\Examples\MNIST_Processor.cpp">
      <Filter>Source Files\Examples</Filter>
    </ClCompile>
    <ClCompile Include="src\Examples\Digit_Classifier.cpp">
      <Filter>Source Files\Examples</Filter>
    </ClCompile>
    <ClCompile Include="src\NeuralNetwork\Cost.cpp">
      <Filter>Source Files\Neural Network</Filter>
    </ClCompile>
    <ClCompile Include="src\Examples\Utils.cpp">
      <Filter>Source Files\Examples</Filter>
    </ClCompile>
    <ClCompile Include="src\NeuralNetwork\Maths\Vector.cpp">
      <Filter>Source Files\Neural Network\Maths</Filter>
    </ClCompile>
    <ClCompile Include="src\NeuralNetwork\Maths\Matrix.cpp">
      <Filter>Source Files\Neural Network\Maths</Filter>
    </ClCompile>
    <ClCompile Include="src\NeuralNetwork\Maths\Random.cpp">
      <Filter>Source Files\Neural Network\Maths</Filter>
    </ClCompile>
    <ClCompile Include="src\Examples\LearningSlowDown.cpp">
      <Filter>Source Files\Examples</Filter>
    </ClCompile>
    <ClCompile Include="src\Examples\Application.cpp">
      <Filter>Source Files\Examples</Filter>
    </ClCompile>
  </ItemGroup>
  <ItemGroup>
    <ClInclude Include="include\NeuralNetwork\NeuralNetwork.h">
      <Filter>Header Files\Neural Network</Filter>
    </ClInclude>
    <ClInclude Include="include\NeuralNetwork\ActivationFunction.h">
      <Filter>Header Files\Neural Network</Filter>
    </ClInclude>
    <ClInclude Include="include\NeuralNetwork\Layer.h">
      <Filter>Header Files\Neural Network</Filter>
    </ClInclude>
    <ClInclude Include="include\NeuralNetwork\ModelExporter.h">
      <Filter>Header Files\Neural Network</Filter>
    </ClInclude>
    <ClInclude Include="include\Examples\XOR_Problem.h">
      <Filter>Header Files\Examples</Filter>
    </ClInclude>
    <ClInclude Include="include\Examples\MNIST_Processor.h">
      <Filter>Header Files\Examples</Filter>
    </ClInclude>
    <ClInclude Include="include\Examples\Digit_Classifier.h">
      <Filter>Header Files\Examples</Filter>
    </ClInclude>
    <ClInclude Include="include\NeuralNetwork\Cost.h">
      <Filter>Header Files\Neural Network</Filter>
    </ClInclude>
    <ClInclude Include="include\Examples\Utils.h">
      <Filter>Header Files\Examples</Filter>
    </ClInclude>
    <ClInclude Include="include\NeuralNetwork\Maths\Vector.h">
      <Filter>Header Files\Neural Network\Maths</Filter>
    </ClInclude>
    <ClInclude Include="include\NeuralNetwork\Maths\Matrix.h">
      <Filter>Header Files\Neural Network\Maths</Filter>
    </ClInclude>
    <ClInclude Include="include\NeuralNetwork\Maths\Random.h">
      <Filter>Header Files\Neural Network\Maths</Filter>
    </ClInclude>
    <ClInclude Include="include\Examples\LearningSlowDown.h">
      <Filter>Header Files\Examples</Filter>
    </ClInclude>
    <ClInclude Include="include\NeuralNetwork\Dataset.h">
      <Filter>Header Files\Neural Network</Filter>
    </ClInclude>
    <ClInclude Include="include\Examples\Application.h">
      <Filter>Header Files\Examples</Filter>
    </ClInclude>
  </ItemGroup>
</Project>